// !$*UTF8*$!
{
	archiveVersion = 1;
	classes = {
	};
	objectVersion = 51;
	objects = {

/* Begin PBXBuildFile section */
		1B5D3E152455505E00C288B1 /* AdsBannerCollectionViewCell.swift in Sources */ = {isa = PBXBuildFile; fileRef = 1B5D3E132455505E00C288B1 /* AdsBannerCollectionViewCell.swift */; };
		1B5D3E162455505E00C288B1 /* AdsBannerCollectionViewCell.xib in Resources */ = {isa = PBXBuildFile; fileRef = 1B5D3E142455505E00C288B1 /* AdsBannerCollectionViewCell.xib */; };
		1B5D3E18245579AB00C288B1 /* RegisterModel.swift in Sources */ = {isa = PBXBuildFile; fileRef = 1B5D3E17245579AB00C288B1 /* RegisterModel.swift */; };
		1B7C3FE2245464E1002941BA /* HomeViewController.swift in Sources */ = {isa = PBXBuildFile; fileRef = 1B7C3FE1245464E1002941BA /* HomeViewController.swift */; };
		1B7C3FE4245464EE002941BA /* Home.storyboard in Resources */ = {isa = PBXBuildFile; fileRef = 1B7C3FE3245464EE002941BA /* Home.storyboard */; };
		1B8CCFC42457B69E006917D2 /* PickerBlurView.swift in Sources */ = {isa = PBXBuildFile; fileRef = 1B8CCFC32457B69E006917D2 /* PickerBlurView.swift */; };
		1B8CCFC62457B71B006917D2 /* PickerBlurView.xib in Resources */ = {isa = PBXBuildFile; fileRef = 1B8CCFC52457B71B006917D2 /* PickerBlurView.xib */; };
		1B8CCFC82457BDEA006917D2 /* LicenseModel.swift in Sources */ = {isa = PBXBuildFile; fileRef = 1B8CCFC72457BDEA006917D2 /* LicenseModel.swift */; };
		1B9C1EE624552C4800F03A3A /* RegisterPresenter.swift in Sources */ = {isa = PBXBuildFile; fileRef = 1B9C1EE524552C4800F03A3A /* RegisterPresenter.swift */; };
		1B9C1EE824552F2E00F03A3A /* Register.storyboard in Resources */ = {isa = PBXBuildFile; fileRef = 1B9C1EE724552F2E00F03A3A /* Register.storyboard */; };
		1B9C1EEA24552F4800F03A3A /* RegisterViewController.swift in Sources */ = {isa = PBXBuildFile; fileRef = 1B9C1EE924552F4800F03A3A /* RegisterViewController.swift */; };
		1BD06B3824548ED90024088F /* UpgradeAccountViewController.swift in Sources */ = {isa = PBXBuildFile; fileRef = 1BD06B3724548ED90024088F /* UpgradeAccountViewController.swift */; };
		1BD06B3D245492D50024088F /* FeeList.storyboard in Resources */ = {isa = PBXBuildFile; fileRef = 1BD06B3C245492D50024088F /* FeeList.storyboard */; };
		484141F32458A2CB008AB972 /* DataManager.swift in Sources */ = {isa = PBXBuildFile; fileRef = 484141F22458A2CB008AB972 /* DataManager.swift */; };
		484141F62458A2D7008AB972 /* User.xcdatamodeld in Sources */ = {isa = PBXBuildFile; fileRef = 484141F42458A2D6008AB972 /* User.xcdatamodeld */; };
		484141F82458A2F0008AB972 /* User.swift in Sources */ = {isa = PBXBuildFile; fileRef = 484141F72458A2EF008AB972 /* User.swift */; };
		485C2075245488F3002E5040 /* BaseNavigationController.swift in Sources */ = {isa = PBXBuildFile; fileRef = 485C2074245488F3002E5040 /* BaseNavigationController.swift */; };
		485C20772454891F002E5040 /* BaseTabbarController.swift in Sources */ = {isa = PBXBuildFile; fileRef = 485C20762454891F002E5040 /* BaseTabbarController.swift */; };
		485C207B2454898B002E5040 /* UIViewController.swift in Sources */ = {isa = PBXBuildFile; fileRef = 485C207A2454898B002E5040 /* UIViewController.swift */; };
		485C207E245489C6002E5040 /* Router.swift in Sources */ = {isa = PBXBuildFile; fileRef = 485C207D245489C6002E5040 /* Router.swift */; };
		489FD77A2453F5E400E04771 /* AppDelegate.swift in Sources */ = {isa = PBXBuildFile; fileRef = 489FD7792453F5E400E04771 /* AppDelegate.swift */; };
		489FD77E2453F5E400E04771 /* ViewController.swift in Sources */ = {isa = PBXBuildFile; fileRef = 489FD77D2453F5E400E04771 /* ViewController.swift */; };
		489FD7812453F5E400E04771 /* Main.storyboard in Resources */ = {isa = PBXBuildFile; fileRef = 489FD77F2453F5E400E04771 /* Main.storyboard */; };
		489FD7832453F5E600E04771 /* Assets.xcassets in Resources */ = {isa = PBXBuildFile; fileRef = 489FD7822453F5E600E04771 /* Assets.xcassets */; };
		489FD7862453F5E600E04771 /* LaunchScreen.storyboard in Resources */ = {isa = PBXBuildFile; fileRef = 489FD7842453F5E600E04771 /* LaunchScreen.storyboard */; };
		489FD7912453F5E600E04771 /* CS_LivingTests.swift in Sources */ = {isa = PBXBuildFile; fileRef = 489FD7902453F5E600E04771 /* CS_LivingTests.swift */; };
		489FD79C2453F5E600E04771 /* CS_LivingUITests.swift in Sources */ = {isa = PBXBuildFile; fileRef = 489FD79B2453F5E600E04771 /* CS_LivingUITests.swift */; };
		489FD7B62453FD0700E04771 /* Login.storyboard in Resources */ = {isa = PBXBuildFile; fileRef = 489FD7B52453FD0700E04771 /* Login.storyboard */; };
		489FD7BA2453FD3F00E04771 /* LoginViewController.swift in Sources */ = {isa = PBXBuildFile; fileRef = 489FD7B92453FD3F00E04771 /* LoginViewController.swift */; };
		489FD7BC2453FD5D00E04771 /* LoginPresenter.swift in Sources */ = {isa = PBXBuildFile; fileRef = 489FD7BB2453FD5D00E04771 /* LoginPresenter.swift */; };
		48B70DBC24541C1900E894D5 /* APIClient.swift in Sources */ = {isa = PBXBuildFile; fileRef = 48B70DBB24541C1900E894D5 /* APIClient.swift */; };
		48B70DBE24541D0100E894D5 /* ResponseObject.swift in Sources */ = {isa = PBXBuildFile; fileRef = 48B70DBD24541D0100E894D5 /* ResponseObject.swift */; };
		48B70DC024541E0800E894D5 /* AppUtil.swift in Sources */ = {isa = PBXBuildFile; fileRef = 48B70DBF24541E0800E894D5 /* AppUtil.swift */; };
		48B70DC224541FA200E894D5 /* DefineMarco.swift in Sources */ = {isa = PBXBuildFile; fileRef = 48B70DC124541FA200E894D5 /* DefineMarco.swift */; };
		48B70DC424541FB700E894D5 /* DefineText.swift in Sources */ = {isa = PBXBuildFile; fileRef = 48B70DC324541FB600E894D5 /* DefineText.swift */; };
		48B70DC624541FC100E894D5 /* DefineKey.swift in Sources */ = {isa = PBXBuildFile; fileRef = 48B70DC524541FC100E894D5 /* DefineKey.swift */; };
		48B70DC824541FCA00E894D5 /* DefineEnum.swift in Sources */ = {isa = PBXBuildFile; fileRef = 48B70DC724541FCA00E894D5 /* DefineEnum.swift */; };
		48B70DCD2454204E00E894D5 /* UIView.swift in Sources */ = {isa = PBXBuildFile; fileRef = 48B70DCC2454204E00E894D5 /* UIView.swift */; };
		48B70DCF245421B100E894D5 /* UIImage+Color.swift in Sources */ = {isa = PBXBuildFile; fileRef = 48B70DCE245421B100E894D5 /* UIImage+Color.swift */; };
		48B70DD124542AD000E894D5 /* APIClient+Register.swift in Sources */ = {isa = PBXBuildFile; fileRef = 48B70DD024542AD000E894D5 /* APIClient+Register.swift */; };
		48B70DD42454329200E894D5 /* BaseViewController.swift in Sources */ = {isa = PBXBuildFile; fileRef = 48B70DD32454329200E894D5 /* BaseViewController.swift */; };
		48B70DD82454369B00E894D5 /* UserModel.swift in Sources */ = {isa = PBXBuildFile; fileRef = 48B70DD72454369B00E894D5 /* UserModel.swift */; };
		48B70DDA2454375D00E894D5 /* APIClient+Login.swift in Sources */ = {isa = PBXBuildFile; fileRef = 48B70DD92454375D00E894D5 /* APIClient+Login.swift */; };
		48B70DDC24545F4700E894D5 /* NetworkResponse.swift in Sources */ = {isa = PBXBuildFile; fileRef = 48B70DDB24545F4700E894D5 /* NetworkResponse.swift */; };
		612E42BDE2B19C766826E416 /* Pods_CS_Living_CS_LivingUITests.framework in Frameworks */ = {isa = PBXBuildFile; fileRef = DD89677E6DFAB48AA57EEC7E /* Pods_CS_Living_CS_LivingUITests.framework */; };
		7D79C24F3F6C7CE960731D56 /* Pods_CS_Living.framework in Frameworks */ = {isa = PBXBuildFile; fileRef = 279A11C361C3877A5C148927 /* Pods_CS_Living.framework */; };
		9ADDC9ED1013FC9AADE84372 /* Pods_CS_LivingTests.framework in Frameworks */ = {isa = PBXBuildFile; fileRef = 2114A7E1057B671534B90247 /* Pods_CS_LivingTests.framework */; };
		C30BB2252456E7F3006CB37E /* FeeTableHeaderView.swift in Sources */ = {isa = PBXBuildFile; fileRef = C30BB2242456E7F3006CB37E /* FeeTableHeaderView.swift */; };
		C30BB2272456E7FF006CB37E /* FeeTableHeaderView.xib in Resources */ = {isa = PBXBuildFile; fileRef = C30BB2262456E7FF006CB37E /* FeeTableHeaderView.xib */; };
		C35FF5662455A4F200AAC9C8 /* HomePresenter.swift in Sources */ = {isa = PBXBuildFile; fileRef = C35FF5652455A4F200AAC9C8 /* HomePresenter.swift */; };
		C35FF56A2455CA6800AAC9C8 /* CustomFeatureView.xib in Resources */ = {isa = PBXBuildFile; fileRef = C35FF5692455CA6800AAC9C8 /* CustomFeatureView.xib */; };
		C35FF56C2455CC8A00AAC9C8 /* CustomFeatureView.swift in Sources */ = {isa = PBXBuildFile; fileRef = C35FF56B2455CC8A00AAC9C8 /* CustomFeatureView.swift */; };
		C3705E4C2456B6BF00EED37B /* FeeListViewController.swift in Sources */ = {isa = PBXBuildFile; fileRef = C3705E4B2456B6BF00EED37B /* FeeListViewController.swift */; };
		C3F5D8A62456F19800A66695 /* FeeTableViewCell.swift in Sources */ = {isa = PBXBuildFile; fileRef = C3F5D8A42456F19800A66695 /* FeeTableViewCell.swift */; };
		C3F5D8A72456F19800A66695 /* FeeTableViewCell.xib in Resources */ = {isa = PBXBuildFile; fileRef = C3F5D8A52456F19800A66695 /* FeeTableViewCell.xib */; };
		C3F5D8A92456FBB200A66695 /* FeeTableFooterView.xib in Resources */ = {isa = PBXBuildFile; fileRef = C3F5D8A82456FBB200A66695 /* FeeTableFooterView.xib */; };
		C3F5D8AB2456FCD200A66695 /* FeeTableFooterView.swift in Sources */ = {isa = PBXBuildFile; fileRef = C3F5D8AA2456FCD200A66695 /* FeeTableFooterView.swift */; };
		C3F5D8AD245719E400A66695 /* FirebaseDBManager.swift in Sources */ = {isa = PBXBuildFile; fileRef = C3F5D8AC245719E400A66695 /* FirebaseDBManager.swift */; };
		C3F5D8AF24571C1B00A66695 /* GoogleService-Info.plist in Resources */ = {isa = PBXBuildFile; fileRef = C3F5D8AE24571C1B00A66695 /* GoogleService-Info.plist */; };
		C3F5D8B224571FBD00A66695 /* UserDB.swift in Sources */ = {isa = PBXBuildFile; fileRef = C3F5D8B124571FBD00A66695 /* UserDB.swift */; };
/* End PBXBuildFile section */

/* Begin PBXContainerItemProxy section */
		489FD78D2453F5E600E04771 /* PBXContainerItemProxy */ = {
			isa = PBXContainerItemProxy;
			containerPortal = 489FD76E2453F5E400E04771 /* Project object */;
			proxyType = 1;
			remoteGlobalIDString = 489FD7752453F5E400E04771;
			remoteInfo = "CS-Living";
		};
		489FD7982453F5E600E04771 /* PBXContainerItemProxy */ = {
			isa = PBXContainerItemProxy;
			containerPortal = 489FD76E2453F5E400E04771 /* Project object */;
			proxyType = 1;
			remoteGlobalIDString = 489FD7752453F5E400E04771;
			remoteInfo = "CS-Living";
		};
/* End PBXContainerItemProxy section */

/* Begin PBXFileReference section */
		1B5D3E132455505E00C288B1 /* AdsBannerCollectionViewCell.swift */ = {isa = PBXFileReference; fileEncoding = 4; lastKnownFileType = sourcecode.swift; path = AdsBannerCollectionViewCell.swift; sourceTree = "<group>"; };
		1B5D3E142455505E00C288B1 /* AdsBannerCollectionViewCell.xib */ = {isa = PBXFileReference; fileEncoding = 4; lastKnownFileType = file.xib; path = AdsBannerCollectionViewCell.xib; sourceTree = "<group>"; };
		1B5D3E17245579AB00C288B1 /* RegisterModel.swift */ = {isa = PBXFileReference; lastKnownFileType = sourcecode.swift; path = RegisterModel.swift; sourceTree = "<group>"; };
		1B7C3FE1245464E1002941BA /* HomeViewController.swift */ = {isa = PBXFileReference; lastKnownFileType = sourcecode.swift; path = HomeViewController.swift; sourceTree = "<group>"; };
		1B7C3FE3245464EE002941BA /* Home.storyboard */ = {isa = PBXFileReference; lastKnownFileType = file.storyboard; path = Home.storyboard; sourceTree = "<group>"; };
		1B8CCFC32457B69E006917D2 /* PickerBlurView.swift */ = {isa = PBXFileReference; lastKnownFileType = sourcecode.swift; path = PickerBlurView.swift; sourceTree = "<group>"; };
		1B8CCFC52457B71B006917D2 /* PickerBlurView.xib */ = {isa = PBXFileReference; fileEncoding = 4; lastKnownFileType = file.xib; path = PickerBlurView.xib; sourceTree = "<group>"; };
		1B8CCFC72457BDEA006917D2 /* LicenseModel.swift */ = {isa = PBXFileReference; lastKnownFileType = sourcecode.swift; path = LicenseModel.swift; sourceTree = "<group>"; };
		1B9C1EE524552C4800F03A3A /* RegisterPresenter.swift */ = {isa = PBXFileReference; lastKnownFileType = sourcecode.swift; path = RegisterPresenter.swift; sourceTree = "<group>"; };
		1B9C1EE724552F2E00F03A3A /* Register.storyboard */ = {isa = PBXFileReference; fileEncoding = 4; lastKnownFileType = file.storyboard; path = Register.storyboard; sourceTree = "<group>"; };
		1B9C1EE924552F4800F03A3A /* RegisterViewController.swift */ = {isa = PBXFileReference; fileEncoding = 4; lastKnownFileType = sourcecode.swift; path = RegisterViewController.swift; sourceTree = "<group>"; };
		1BD06B3724548ED90024088F /* UpgradeAccountViewController.swift */ = {isa = PBXFileReference; lastKnownFileType = sourcecode.swift; path = UpgradeAccountViewController.swift; sourceTree = "<group>"; };
		1BD06B3C245492D50024088F /* FeeList.storyboard */ = {isa = PBXFileReference; lastKnownFileType = file.storyboard; path = FeeList.storyboard; sourceTree = "<group>"; };
		1EA3390C88326F7FAF5D08A1 /* Pods-CS-Living-CS-LivingUITests.debug.xcconfig */ = {isa = PBXFileReference; includeInIndex = 1; lastKnownFileType = text.xcconfig; name = "Pods-CS-Living-CS-LivingUITests.debug.xcconfig"; path = "Target Support Files/Pods-CS-Living-CS-LivingUITests/Pods-CS-Living-CS-LivingUITests.debug.xcconfig"; sourceTree = "<group>"; };
		2114A7E1057B671534B90247 /* Pods_CS_LivingTests.framework */ = {isa = PBXFileReference; explicitFileType = wrapper.framework; includeInIndex = 0; path = Pods_CS_LivingTests.framework; sourceTree = BUILT_PRODUCTS_DIR; };
		279A11C361C3877A5C148927 /* Pods_CS_Living.framework */ = {isa = PBXFileReference; explicitFileType = wrapper.framework; includeInIndex = 0; path = Pods_CS_Living.framework; sourceTree = BUILT_PRODUCTS_DIR; };
		484141F22458A2CB008AB972 /* DataManager.swift */ = {isa = PBXFileReference; fileEncoding = 4; lastKnownFileType = sourcecode.swift; name = DataManager.swift; path = "../../../../../TTT/pos-ipad/App/Models/LocalData/DataManager.swift"; sourceTree = "<group>"; };
		484141F52458A2D6008AB972 /* SwiftModel.xcdatamodel */ = {isa = PBXFileReference; lastKnownFileType = wrapper.xcdatamodel; path = SwiftModel.xcdatamodel; sourceTree = "<group>"; };
		484141F72458A2EF008AB972 /* User.swift */ = {isa = PBXFileReference; fileEncoding = 4; lastKnownFileType = sourcecode.swift; path = User.swift; sourceTree = "<group>"; };
		485C2074245488F3002E5040 /* BaseNavigationController.swift */ = {isa = PBXFileReference; lastKnownFileType = sourcecode.swift; path = BaseNavigationController.swift; sourceTree = "<group>"; };
		485C20762454891F002E5040 /* BaseTabbarController.swift */ = {isa = PBXFileReference; lastKnownFileType = sourcecode.swift; path = BaseTabbarController.swift; sourceTree = "<group>"; };
		485C207A2454898B002E5040 /* UIViewController.swift */ = {isa = PBXFileReference; lastKnownFileType = sourcecode.swift; path = UIViewController.swift; sourceTree = "<group>"; };
		485C207D245489C6002E5040 /* Router.swift */ = {isa = PBXFileReference; lastKnownFileType = sourcecode.swift; path = Router.swift; sourceTree = "<group>"; };
		489FD7762453F5E400E04771 /* CS-Living.app */ = {isa = PBXFileReference; explicitFileType = wrapper.application; includeInIndex = 0; path = "CS-Living.app"; sourceTree = BUILT_PRODUCTS_DIR; };
		489FD7792453F5E400E04771 /* AppDelegate.swift */ = {isa = PBXFileReference; lastKnownFileType = sourcecode.swift; path = AppDelegate.swift; sourceTree = "<group>"; };
		489FD77D2453F5E400E04771 /* ViewController.swift */ = {isa = PBXFileReference; lastKnownFileType = sourcecode.swift; path = ViewController.swift; sourceTree = "<group>"; };
		489FD7802453F5E400E04771 /* Base */ = {isa = PBXFileReference; lastKnownFileType = file.storyboard; name = Base; path = Base.lproj/Main.storyboard; sourceTree = "<group>"; };
		489FD7822453F5E600E04771 /* Assets.xcassets */ = {isa = PBXFileReference; lastKnownFileType = folder.assetcatalog; path = Assets.xcassets; sourceTree = "<group>"; };
		489FD7852453F5E600E04771 /* Base */ = {isa = PBXFileReference; lastKnownFileType = file.storyboard; name = Base; path = Base.lproj/LaunchScreen.storyboard; sourceTree = "<group>"; };
		489FD7872453F5E600E04771 /* Info.plist */ = {isa = PBXFileReference; lastKnownFileType = text.plist.xml; path = Info.plist; sourceTree = "<group>"; };
		489FD78C2453F5E600E04771 /* CS-LivingTests.xctest */ = {isa = PBXFileReference; explicitFileType = wrapper.cfbundle; includeInIndex = 0; path = "CS-LivingTests.xctest"; sourceTree = BUILT_PRODUCTS_DIR; };
		489FD7902453F5E600E04771 /* CS_LivingTests.swift */ = {isa = PBXFileReference; lastKnownFileType = sourcecode.swift; path = CS_LivingTests.swift; sourceTree = "<group>"; };
		489FD7922453F5E600E04771 /* Info.plist */ = {isa = PBXFileReference; lastKnownFileType = text.plist.xml; path = Info.plist; sourceTree = "<group>"; };
		489FD7972453F5E600E04771 /* CS-LivingUITests.xctest */ = {isa = PBXFileReference; explicitFileType = wrapper.cfbundle; includeInIndex = 0; path = "CS-LivingUITests.xctest"; sourceTree = BUILT_PRODUCTS_DIR; };
		489FD79B2453F5E600E04771 /* CS_LivingUITests.swift */ = {isa = PBXFileReference; lastKnownFileType = sourcecode.swift; path = CS_LivingUITests.swift; sourceTree = "<group>"; };
		489FD79D2453F5E600E04771 /* Info.plist */ = {isa = PBXFileReference; lastKnownFileType = text.plist.xml; path = Info.plist; sourceTree = "<group>"; };
		489FD7B52453FD0700E04771 /* Login.storyboard */ = {isa = PBXFileReference; lastKnownFileType = file.storyboard; path = Login.storyboard; sourceTree = "<group>"; };
		489FD7B92453FD3F00E04771 /* LoginViewController.swift */ = {isa = PBXFileReference; lastKnownFileType = sourcecode.swift; path = LoginViewController.swift; sourceTree = "<group>"; };
		489FD7BB2453FD5D00E04771 /* LoginPresenter.swift */ = {isa = PBXFileReference; lastKnownFileType = sourcecode.swift; path = LoginPresenter.swift; sourceTree = "<group>"; };
		48B70DBB24541C1900E894D5 /* APIClient.swift */ = {isa = PBXFileReference; fileEncoding = 4; lastKnownFileType = sourcecode.swift; path = APIClient.swift; sourceTree = "<group>"; };
		48B70DBD24541D0100E894D5 /* ResponseObject.swift */ = {isa = PBXFileReference; lastKnownFileType = sourcecode.swift; path = ResponseObject.swift; sourceTree = "<group>"; };
		48B70DBF24541E0800E894D5 /* AppUtil.swift */ = {isa = PBXFileReference; fileEncoding = 4; lastKnownFileType = sourcecode.swift; path = AppUtil.swift; sourceTree = "<group>"; };
		48B70DC124541FA200E894D5 /* DefineMarco.swift */ = {isa = PBXFileReference; fileEncoding = 4; lastKnownFileType = sourcecode.swift; path = DefineMarco.swift; sourceTree = "<group>"; };
		48B70DC324541FB600E894D5 /* DefineText.swift */ = {isa = PBXFileReference; fileEncoding = 4; lastKnownFileType = sourcecode.swift; path = DefineText.swift; sourceTree = "<group>"; };
		48B70DC524541FC100E894D5 /* DefineKey.swift */ = {isa = PBXFileReference; fileEncoding = 4; lastKnownFileType = sourcecode.swift; path = DefineKey.swift; sourceTree = "<group>"; };
		48B70DC724541FCA00E894D5 /* DefineEnum.swift */ = {isa = PBXFileReference; fileEncoding = 4; lastKnownFileType = sourcecode.swift; path = DefineEnum.swift; sourceTree = "<group>"; };
		48B70DCC2454204E00E894D5 /* UIView.swift */ = {isa = PBXFileReference; fileEncoding = 4; lastKnownFileType = sourcecode.swift; path = UIView.swift; sourceTree = "<group>"; };
		48B70DCE245421B100E894D5 /* UIImage+Color.swift */ = {isa = PBXFileReference; fileEncoding = 4; lastKnownFileType = sourcecode.swift; path = "UIImage+Color.swift"; sourceTree = "<group>"; };
		48B70DD024542AD000E894D5 /* APIClient+Register.swift */ = {isa = PBXFileReference; lastKnownFileType = sourcecode.swift; path = "APIClient+Register.swift"; sourceTree = "<group>"; };
		48B70DD32454329200E894D5 /* BaseViewController.swift */ = {isa = PBXFileReference; lastKnownFileType = sourcecode.swift; path = BaseViewController.swift; sourceTree = "<group>"; };
		48B70DD72454369B00E894D5 /* UserModel.swift */ = {isa = PBXFileReference; lastKnownFileType = sourcecode.swift; path = UserModel.swift; sourceTree = "<group>"; };
		48B70DD92454375D00E894D5 /* APIClient+Login.swift */ = {isa = PBXFileReference; lastKnownFileType = sourcecode.swift; path = "APIClient+Login.swift"; sourceTree = "<group>"; };
		48B70DDB24545F4700E894D5 /* NetworkResponse.swift */ = {isa = PBXFileReference; lastKnownFileType = sourcecode.swift; path = NetworkResponse.swift; sourceTree = "<group>"; };
		59B3FC6BDD48F1EBCB140A11 /* Pods-CS-Living.release.xcconfig */ = {isa = PBXFileReference; includeInIndex = 1; lastKnownFileType = text.xcconfig; name = "Pods-CS-Living.release.xcconfig"; path = "Target Support Files/Pods-CS-Living/Pods-CS-Living.release.xcconfig"; sourceTree = "<group>"; };
		7055593A792205437A7F0295 /* Pods-CS-Living.debug.xcconfig */ = {isa = PBXFileReference; includeInIndex = 1; lastKnownFileType = text.xcconfig; name = "Pods-CS-Living.debug.xcconfig"; path = "Target Support Files/Pods-CS-Living/Pods-CS-Living.debug.xcconfig"; sourceTree = "<group>"; };
		816B1FCA0DED3F503EF95F72 /* Pods-CS-Living-CS-LivingUITests.release.xcconfig */ = {isa = PBXFileReference; includeInIndex = 1; lastKnownFileType = text.xcconfig; name = "Pods-CS-Living-CS-LivingUITests.release.xcconfig"; path = "Target Support Files/Pods-CS-Living-CS-LivingUITests/Pods-CS-Living-CS-LivingUITests.release.xcconfig"; sourceTree = "<group>"; };
		9416EEC78FE21D9BA5687294 /* Pods-CS-LivingTests.release.xcconfig */ = {isa = PBXFileReference; includeInIndex = 1; lastKnownFileType = text.xcconfig; name = "Pods-CS-LivingTests.release.xcconfig"; path = "Target Support Files/Pods-CS-LivingTests/Pods-CS-LivingTests.release.xcconfig"; sourceTree = "<group>"; };
		AACFEA1243093F33BC829386 /* Pods-CS-LivingTests.debug.xcconfig */ = {isa = PBXFileReference; includeInIndex = 1; lastKnownFileType = text.xcconfig; name = "Pods-CS-LivingTests.debug.xcconfig"; path = "Target Support Files/Pods-CS-LivingTests/Pods-CS-LivingTests.debug.xcconfig"; sourceTree = "<group>"; };
		C30BB2242456E7F3006CB37E /* FeeTableHeaderView.swift */ = {isa = PBXFileReference; lastKnownFileType = sourcecode.swift; path = FeeTableHeaderView.swift; sourceTree = "<group>"; };
		C30BB2262456E7FF006CB37E /* FeeTableHeaderView.xib */ = {isa = PBXFileReference; lastKnownFileType = file.xib; path = FeeTableHeaderView.xib; sourceTree = "<group>"; };
		C35FF5652455A4F200AAC9C8 /* HomePresenter.swift */ = {isa = PBXFileReference; lastKnownFileType = sourcecode.swift; name = HomePresenter.swift; path = Sources/Modules/Register/HomePresenter.swift; sourceTree = SOURCE_ROOT; };
		C35FF5692455CA6800AAC9C8 /* CustomFeatureView.xib */ = {isa = PBXFileReference; lastKnownFileType = file.xib; path = CustomFeatureView.xib; sourceTree = "<group>"; };
		C35FF56B2455CC8A00AAC9C8 /* CustomFeatureView.swift */ = {isa = PBXFileReference; lastKnownFileType = sourcecode.swift; path = CustomFeatureView.swift; sourceTree = "<group>"; };
		C3705E4B2456B6BF00EED37B /* FeeListViewController.swift */ = {isa = PBXFileReference; lastKnownFileType = sourcecode.swift; path = FeeListViewController.swift; sourceTree = "<group>"; };
		C3F5D8A42456F19800A66695 /* FeeTableViewCell.swift */ = {isa = PBXFileReference; lastKnownFileType = sourcecode.swift; path = FeeTableViewCell.swift; sourceTree = "<group>"; };
		C3F5D8A52456F19800A66695 /* FeeTableViewCell.xib */ = {isa = PBXFileReference; lastKnownFileType = file.xib; path = FeeTableViewCell.xib; sourceTree = "<group>"; };
		C3F5D8A82456FBB200A66695 /* FeeTableFooterView.xib */ = {isa = PBXFileReference; lastKnownFileType = file.xib; path = FeeTableFooterView.xib; sourceTree = "<group>"; };
		C3F5D8AA2456FCD200A66695 /* FeeTableFooterView.swift */ = {isa = PBXFileReference; lastKnownFileType = sourcecode.swift; path = FeeTableFooterView.swift; sourceTree = "<group>"; };
		C3F5D8AC245719E400A66695 /* FirebaseDBManager.swift */ = {isa = PBXFileReference; lastKnownFileType = sourcecode.swift; name = FirebaseDBManager.swift; path = Sources/Modules/FeeList/PassivewView/FirebaseDBManager.swift; sourceTree = SOURCE_ROOT; };
		C3F5D8AE24571C1B00A66695 /* GoogleService-Info.plist */ = {isa = PBXFileReference; fileEncoding = 4; lastKnownFileType = text.plist.xml; path = "GoogleService-Info.plist"; sourceTree = "<group>"; };
		C3F5D8B124571FBD00A66695 /* UserDB.swift */ = {isa = PBXFileReference; lastKnownFileType = sourcecode.swift; path = UserDB.swift; sourceTree = "<group>"; };
		DD89677E6DFAB48AA57EEC7E /* Pods_CS_Living_CS_LivingUITests.framework */ = {isa = PBXFileReference; explicitFileType = wrapper.framework; includeInIndex = 0; path = Pods_CS_Living_CS_LivingUITests.framework; sourceTree = BUILT_PRODUCTS_DIR; };
/* End PBXFileReference section */

/* Begin PBXFrameworksBuildPhase section */
		489FD7732453F5E400E04771 /* Frameworks */ = {
			isa = PBXFrameworksBuildPhase;
			buildActionMask = 2147483647;
			files = (
				7D79C24F3F6C7CE960731D56 /* Pods_CS_Living.framework in Frameworks */,
			);
			runOnlyForDeploymentPostprocessing = 0;
		};
		489FD7892453F5E600E04771 /* Frameworks */ = {
			isa = PBXFrameworksBuildPhase;
			buildActionMask = 2147483647;
			files = (
				9ADDC9ED1013FC9AADE84372 /* Pods_CS_LivingTests.framework in Frameworks */,
			);
			runOnlyForDeploymentPostprocessing = 0;
		};
		489FD7942453F5E600E04771 /* Frameworks */ = {
			isa = PBXFrameworksBuildPhase;
			buildActionMask = 2147483647;
			files = (
				612E42BDE2B19C766826E416 /* Pods_CS_Living_CS_LivingUITests.framework in Frameworks */,
			);
			runOnlyForDeploymentPostprocessing = 0;
		};
/* End PBXFrameworksBuildPhase section */

/* Begin PBXGroup section */
		1B05C36E2454795D00E80F92 /* Recovered References */ = {
			isa = PBXGroup;
			children = (
			);
			name = "Recovered References";
			sourceTree = "<group>";
		};
		1B05C36F24547A6700E80F92 /* Register */ = {
			isa = PBXGroup;
			children = (
				1B05C37324547A6700E80F92 /* Router */,
				1B05C37024547A6700E80F92 /* Presenter */,
				1B9C1EE924552F4800F03A3A /* RegisterViewController.swift */,
				1B9C1EE724552F2E00F03A3A /* Register.storyboard */,
			);
			path = Register;
			sourceTree = "<group>";
		};
		1B05C37024547A6700E80F92 /* Presenter */ = {
			isa = PBXGroup;
			children = (
				1B9C1EE524552C4800F03A3A /* RegisterPresenter.swift */,
			);
			path = Presenter;
			sourceTree = "<group>";
		};
		1B05C37324547A6700E80F92 /* Router */ = {
			isa = PBXGroup;
			children = (
			);
			path = Router;
			sourceTree = "<group>";
		};
		1B5D3E122455501E00C288B1 /* PassivewView */ = {
			isa = PBXGroup;
			children = (
				1B5D3E132455505E00C288B1 /* AdsBannerCollectionViewCell.swift */,
				1B5D3E142455505E00C288B1 /* AdsBannerCollectionViewCell.xib */,
				C35FF5692455CA6800AAC9C8 /* CustomFeatureView.xib */,
				C35FF56B2455CC8A00AAC9C8 /* CustomFeatureView.swift */,
				1B7C3FE1245464E1002941BA /* HomeViewController.swift */,
			);
			path = PassivewView;
			sourceTree = "<group>";
		};
		1B7C3FDE245464AA002941BA /* Home */ = {
			isa = PBXGroup;
			children = (
				1B5D3E122455501E00C288B1 /* PassivewView */,
				1B7C3FE0245464BB002941BA /* Presenter */,
				1B7C3FE3245464EE002941BA /* Home.storyboard */,
			);
			path = Home;
			sourceTree = "<group>";
		};
		1B7C3FE0245464BB002941BA /* Presenter */ = {
			isa = PBXGroup;
			children = (
				C35FF5652455A4F200AAC9C8 /* HomePresenter.swift */,
			);
			path = Presenter;
			sourceTree = "<group>";
		};
		1B8CCFC22457B683006917D2 /* PickerView */ = {
			isa = PBXGroup;
			children = (
				1B8CCFC32457B69E006917D2 /* PickerBlurView.swift */,
				1B8CCFC52457B71B006917D2 /* PickerBlurView.xib */,
			);
			path = PickerView;
			sourceTree = "<group>";
		};
		1BD06B3424548EAC0024088F /* UpgradeAccount */ = {
			isa = PBXGroup;
			children = (
				1BD06B3524548EBB0024088F /* Router */,
				1BD06B3624548EC00024088F /* Presenter */,
				1BD06B3724548ED90024088F /* UpgradeAccountViewController.swift */,
			);
			path = UpgradeAccount;
			sourceTree = "<group>";
		};
		1BD06B3524548EBB0024088F /* Router */ = {
			isa = PBXGroup;
			children = (
			);
			path = Router;
			sourceTree = "<group>";
		};
		1BD06B3624548EC00024088F /* Presenter */ = {
			isa = PBXGroup;
			children = (
			);
			path = Presenter;
			sourceTree = "<group>";
		};
		1BD06B39245492B20024088F /* FeeList */ = {
			isa = PBXGroup;
			children = (
				C30BB2232456E790006CB37E /* PassivewView */,
				1BD06B3B245492C30024088F /* Router */,
				1BD06B3A245492B80024088F /* Presenter */,
				1BD06B3C245492D50024088F /* FeeList.storyboard */,
			);
			path = FeeList;
			sourceTree = "<group>";
		};
		1BD06B3A245492B80024088F /* Presenter */ = {
			isa = PBXGroup;
			children = (
			);
			path = Presenter;
			sourceTree = "<group>";
		};
		1BD06B3B245492C30024088F /* Router */ = {
			isa = PBXGroup;
			children = (
			);
			path = Router;
			sourceTree = "<group>";
		};
		484141CD245876A9008AB972 /* LocalData */ = {
			isa = PBXGroup;
			children = (
				484141F72458A2EF008AB972 /* User.swift */,
				484141F42458A2D6008AB972 /* User.xcdatamodeld */,
				484141F22458A2CB008AB972 /* DataManager.swift */,
			);
			path = LocalData;
			sourceTree = "<group>";
		};
		485C2072245488E3002E5040 /* BaseNav */ = {
			isa = PBXGroup;
			children = (
				485C2074245488F3002E5040 /* BaseNavigationController.swift */,
			);
			path = BaseNav;
			sourceTree = "<group>";
		};
		485C2073245488E3002E5040 /* BaseTabbar */ = {
			isa = PBXGroup;
			children = (
				485C20762454891F002E5040 /* BaseTabbarController.swift */,
			);
			path = BaseTabbar;
			sourceTree = "<group>";
		};
		485C207C245489B7002E5040 /* Router */ = {
			isa = PBXGroup;
			children = (
				485C207D245489C6002E5040 /* Router.swift */,
			);
			path = Router;
			sourceTree = "<group>";
		};
		489FD76D2453F5E400E04771 = {
			isa = PBXGroup;
			children = (
				489FD7782453F5E400E04771 /* Sources */,
				489FD78F2453F5E600E04771 /* CS-LivingTests */,
				489FD79A2453F5E600E04771 /* CS-LivingUITests */,
				489FD7772453F5E400E04771 /* Products */,
				C86CC96371D8979C3E53E6B5 /* Pods */,
				E1D85C652BC4F6903D7A610C /* Frameworks */,
				1B05C36E2454795D00E80F92 /* Recovered References */,
			);
			sourceTree = "<group>";
		};
		489FD7772453F5E400E04771 /* Products */ = {
			isa = PBXGroup;
			children = (
				489FD7762453F5E400E04771 /* CS-Living.app */,
				489FD78C2453F5E600E04771 /* CS-LivingTests.xctest */,
				489FD7972453F5E600E04771 /* CS-LivingUITests.xctest */,
			);
			name = Products;
			sourceTree = "<group>";
		};
		489FD7782453F5E400E04771 /* Sources */ = {
			isa = PBXGroup;
			children = (
				489FD7AA2453F6EF00E04771 /* ServiceAPI */,
				489FD7A92453F6EF00E04771 /* Core */,
				489FD7AE2453F6EF00E04771 /* Resources */,
				489FD7AD2453F6EF00E04771 /* Managers */,
				489FD7B02453F6EF00E04771 /* Models */,
				489FD7B12453F6EF00E04771 /* Common */,
				489FD7B32453F74B00E04771 /* Application */,
				489FD7AC2453F6EF00E04771 /* CustomizedUI */,
				489FD7AB2453F6EF00E04771 /* Modules */,
				489FD7AF2453F6EF00E04771 /* Service */,
				48B70DC924541FF500E894D5 /* Utilities */,
				489FD77D2453F5E400E04771 /* ViewController.swift */,
				489FD77F2453F5E400E04771 /* Main.storyboard */,
				489FD7822453F5E600E04771 /* Assets.xcassets */,
				489FD7842453F5E600E04771 /* LaunchScreen.storyboard */,
				489FD7872453F5E600E04771 /* Info.plist */,
			);
			path = Sources;
			sourceTree = "<group>";
		};
		489FD78F2453F5E600E04771 /* CS-LivingTests */ = {
			isa = PBXGroup;
			children = (
				489FD7902453F5E600E04771 /* CS_LivingTests.swift */,
				489FD7922453F5E600E04771 /* Info.plist */,
			);
			path = "CS-LivingTests";
			sourceTree = "<group>";
		};
		489FD79A2453F5E600E04771 /* CS-LivingUITests */ = {
			isa = PBXGroup;
			children = (
				489FD79B2453F5E600E04771 /* CS_LivingUITests.swift */,
				489FD79D2453F5E600E04771 /* Info.plist */,
			);
			path = "CS-LivingUITests";
			sourceTree = "<group>";
		};
		489FD7A92453F6EF00E04771 /* Core */ = {
			isa = PBXGroup;
			children = (
				485C207C245489B7002E5040 /* Router */,
			);
			path = Core;
			sourceTree = "<group>";
		};
		489FD7AA2453F6EF00E04771 /* ServiceAPI */ = {
			isa = PBXGroup;
			children = (
				48B70DBB24541C1900E894D5 /* APIClient.swift */,
				48B70DD024542AD000E894D5 /* APIClient+Register.swift */,
				48B70DD92454375D00E894D5 /* APIClient+Login.swift */,
			);
			path = ServiceAPI;
			sourceTree = "<group>";
		};
		489FD7AB2453F6EF00E04771 /* Modules */ = {
			isa = PBXGroup;
			children = (
				1BD06B39245492B20024088F /* FeeList */,
				1B7C3FDE245464AA002941BA /* Home */,
				1BD06B3424548EAC0024088F /* UpgradeAccount */,
				1B05C36F24547A6700E80F92 /* Register */,
				489FD7B42453FCE800E04771 /* Login */,
			);
			path = Modules;
			sourceTree = "<group>";
		};
		489FD7AC2453F6EF00E04771 /* CustomizedUI */ = {
			isa = PBXGroup;
			children = (
			);
			path = CustomizedUI;
			sourceTree = "<group>";
		};
		489FD7AD2453F6EF00E04771 /* Managers */ = {
			isa = PBXGroup;
			children = (
				C3F5D8AC245719E400A66695 /* FirebaseDBManager.swift */,
			);
			path = Managers;
			sourceTree = "<group>";
		};
		489FD7AE2453F6EF00E04771 /* Resources */ = {
			isa = PBXGroup;
			children = (
			);
			path = Resources;
			sourceTree = "<group>";
		};
		489FD7AF2453F6EF00E04771 /* Service */ = {
			isa = PBXGroup;
			children = (
				C3F5D8AE24571C1B00A66695 /* GoogleService-Info.plist */,
			);
			path = Service;
			sourceTree = "<group>";
		};
		489FD7B02453F6EF00E04771 /* Models */ = {
			isa = PBXGroup;
			children = (
				484141CD245876A9008AB972 /* LocalData */,
				C3F5D8B024571F4A00A66695 /* FirebaseModel */,
				48B70DBD24541D0100E894D5 /* ResponseObject.swift */,
				48B70DD72454369B00E894D5 /* UserModel.swift */,
				1B5D3E17245579AB00C288B1 /* RegisterModel.swift */,
				1B8CCFC72457BDEA006917D2 /* LicenseModel.swift */,
				48B70DDB24545F4700E894D5 /* NetworkResponse.swift */,
			);
			path = Models;
			sourceTree = "<group>";
		};
		489FD7B12453F6EF00E04771 /* Common */ = {
			isa = PBXGroup;
			children = (
				485C2072245488E3002E5040 /* BaseNav */,
				485C2073245488E3002E5040 /* BaseTabbar */,
				48B70DBF24541E0800E894D5 /* AppUtil.swift */,
				48B70DD32454329200E894D5 /* BaseViewController.swift */,
			);
			path = Common;
			sourceTree = "<group>";
		};
		489FD7B32453F74B00E04771 /* Application */ = {
			isa = PBXGroup;
			children = (
				489FD7792453F5E400E04771 /* AppDelegate.swift */,
			);
			path = Application;
			sourceTree = "<group>";
		};
		489FD7B42453FCE800E04771 /* Login */ = {
			isa = PBXGroup;
			children = (
				489FD7B82453FD2100E04771 /* Router */,
				489FD7B72453FD1500E04771 /* Presenter */,
				489FD7B52453FD0700E04771 /* Login.storyboard */,
				489FD7B92453FD3F00E04771 /* LoginViewController.swift */,
			);
			path = Login;
			sourceTree = "<group>";
		};
		489FD7B72453FD1500E04771 /* Presenter */ = {
			isa = PBXGroup;
			children = (
				489FD7BB2453FD5D00E04771 /* LoginPresenter.swift */,
			);
			path = Presenter;
			sourceTree = "<group>";
		};
		489FD7B82453FD2100E04771 /* Router */ = {
			isa = PBXGroup;
			children = (
			);
			path = Router;
			sourceTree = "<group>";
		};
		48B70DC924541FF500E894D5 /* Utilities */ = {
			isa = PBXGroup;
			children = (
				48B70DD2245430CF00E894D5 /* Libraries */,
				48B70DCB2454202B00E894D5 /* Category */,
				48B70DCA2454200400E894D5 /* Constants */,
			);
			path = Utilities;
			sourceTree = "<group>";
		};
		48B70DCA2454200400E894D5 /* Constants */ = {
			isa = PBXGroup;
			children = (
				48B70DC524541FC100E894D5 /* DefineKey.swift */,
				48B70DC324541FB600E894D5 /* DefineText.swift */,
				48B70DC124541FA200E894D5 /* DefineMarco.swift */,
				48B70DC724541FCA00E894D5 /* DefineEnum.swift */,
			);
			path = Constants;
			sourceTree = "<group>";
		};
		48B70DCB2454202B00E894D5 /* Category */ = {
			isa = PBXGroup;
			children = (
				48B70DCE245421B100E894D5 /* UIImage+Color.swift */,
				48B70DCC2454204E00E894D5 /* UIView.swift */,
				485C207A2454898B002E5040 /* UIViewController.swift */,
			);
			path = Category;
			sourceTree = "<group>";
		};
		48B70DD2245430CF00E894D5 /* Libraries */ = {
			isa = PBXGroup;
			children = (
				1B8CCFC22457B683006917D2 /* PickerView */,
			);
			path = Libraries;
			sourceTree = "<group>";
		};
		C30BB2232456E790006CB37E /* PassivewView */ = {
			isa = PBXGroup;
			children = (
				C30BB2242456E7F3006CB37E /* FeeTableHeaderView.swift */,
				C30BB2262456E7FF006CB37E /* FeeTableHeaderView.xib */,
				C3F5D8A42456F19800A66695 /* FeeTableViewCell.swift */,
				C3F5D8A52456F19800A66695 /* FeeTableViewCell.xib */,
				C3F5D8AA2456FCD200A66695 /* FeeTableFooterView.swift */,
				C3F5D8A82456FBB200A66695 /* FeeTableFooterView.xib */,
				C3705E4B2456B6BF00EED37B /* FeeListViewController.swift */,
			);
			path = PassivewView;
			sourceTree = "<group>";
		};
		C3F5D8B024571F4A00A66695 /* FirebaseModel */ = {
			isa = PBXGroup;
			children = (
				C3F5D8B124571FBD00A66695 /* UserDB.swift */,
			);
			path = FirebaseModel;
			sourceTree = "<group>";
		};
		C86CC96371D8979C3E53E6B5 /* Pods */ = {
			isa = PBXGroup;
			children = (
				7055593A792205437A7F0295 /* Pods-CS-Living.debug.xcconfig */,
				59B3FC6BDD48F1EBCB140A11 /* Pods-CS-Living.release.xcconfig */,
				1EA3390C88326F7FAF5D08A1 /* Pods-CS-Living-CS-LivingUITests.debug.xcconfig */,
				816B1FCA0DED3F503EF95F72 /* Pods-CS-Living-CS-LivingUITests.release.xcconfig */,
				AACFEA1243093F33BC829386 /* Pods-CS-LivingTests.debug.xcconfig */,
				9416EEC78FE21D9BA5687294 /* Pods-CS-LivingTests.release.xcconfig */,
			);
			path = Pods;
			sourceTree = "<group>";
		};
		E1D85C652BC4F6903D7A610C /* Frameworks */ = {
			isa = PBXGroup;
			children = (
				279A11C361C3877A5C148927 /* Pods_CS_Living.framework */,
				DD89677E6DFAB48AA57EEC7E /* Pods_CS_Living_CS_LivingUITests.framework */,
				2114A7E1057B671534B90247 /* Pods_CS_LivingTests.framework */,
			);
			name = Frameworks;
			sourceTree = "<group>";
		};
/* End PBXGroup section */

/* Begin PBXNativeTarget section */
		489FD7752453F5E400E04771 /* CS-Living */ = {
			isa = PBXNativeTarget;
			buildConfigurationList = 489FD7A02453F5E600E04771 /* Build configuration list for PBXNativeTarget "CS-Living" */;
			buildPhases = (
				D88736749CA2605589762E4D /* [CP] Check Pods Manifest.lock */,
				489FD7722453F5E400E04771 /* Sources */,
				489FD7732453F5E400E04771 /* Frameworks */,
				489FD7742453F5E400E04771 /* Resources */,
				0E514F2028B20290DEE0A3E3 /* [CP] Embed Pods Frameworks */,
			);
			buildRules = (
			);
			dependencies = (
			);
			name = "CS-Living";
			productName = "CS-Living";
			productReference = 489FD7762453F5E400E04771 /* CS-Living.app */;
			productType = "com.apple.product-type.application";
		};
		489FD78B2453F5E600E04771 /* CS-LivingTests */ = {
			isa = PBXNativeTarget;
			buildConfigurationList = 489FD7A32453F5E600E04771 /* Build configuration list for PBXNativeTarget "CS-LivingTests" */;
			buildPhases = (
				9EC077CC2DB2C1138F057C07 /* [CP] Check Pods Manifest.lock */,
				489FD7882453F5E600E04771 /* Sources */,
				489FD7892453F5E600E04771 /* Frameworks */,
				489FD78A2453F5E600E04771 /* Resources */,
			);
			buildRules = (
			);
			dependencies = (
				489FD78E2453F5E600E04771 /* PBXTargetDependency */,
			);
			name = "CS-LivingTests";
			productName = "CS-LivingTests";
			productReference = 489FD78C2453F5E600E04771 /* CS-LivingTests.xctest */;
			productType = "com.apple.product-type.bundle.unit-test";
		};
		489FD7962453F5E600E04771 /* CS-LivingUITests */ = {
			isa = PBXNativeTarget;
			buildConfigurationList = 489FD7A62453F5E600E04771 /* Build configuration list for PBXNativeTarget "CS-LivingUITests" */;
			buildPhases = (
				8FCC5DDB40DBD8A43ACB04A1 /* [CP] Check Pods Manifest.lock */,
				489FD7932453F5E600E04771 /* Sources */,
				489FD7942453F5E600E04771 /* Frameworks */,
				489FD7952453F5E600E04771 /* Resources */,
				5A74544C5D5110C2C8DF0B99 /* [CP] Embed Pods Frameworks */,
			);
			buildRules = (
			);
			dependencies = (
				489FD7992453F5E600E04771 /* PBXTargetDependency */,
			);
			name = "CS-LivingUITests";
			productName = "CS-LivingUITests";
			productReference = 489FD7972453F5E600E04771 /* CS-LivingUITests.xctest */;
			productType = "com.apple.product-type.bundle.ui-testing";
		};
/* End PBXNativeTarget section */

/* Begin PBXProject section */
		489FD76E2453F5E400E04771 /* Project object */ = {
			isa = PBXProject;
			attributes = {
				LastSwiftUpdateCheck = 1110;
				LastUpgradeCheck = 1110;
				TargetAttributes = {
					489FD7752453F5E400E04771 = {
						CreatedOnToolsVersion = 11.1;
					};
					489FD78B2453F5E600E04771 = {
						CreatedOnToolsVersion = 11.1;
						TestTargetID = 489FD7752453F5E400E04771;
					};
					489FD7962453F5E600E04771 = {
						CreatedOnToolsVersion = 11.1;
						TestTargetID = 489FD7752453F5E400E04771;
					};
				};
			};
			buildConfigurationList = 489FD7712453F5E400E04771 /* Build configuration list for PBXProject "CS-Living" */;
			compatibilityVersion = "Xcode 9.3";
			developmentRegion = en;
			hasScannedForEncodings = 0;
			knownRegions = (
				en,
				Base,
			);
			mainGroup = 489FD76D2453F5E400E04771;
			productRefGroup = 489FD7772453F5E400E04771 /* Products */;
			projectDirPath = "";
			projectRoot = "";
			targets = (
				489FD7752453F5E400E04771 /* CS-Living */,
				489FD78B2453F5E600E04771 /* CS-LivingTests */,
				489FD7962453F5E600E04771 /* CS-LivingUITests */,
			);
		};
/* End PBXProject section */

/* Begin PBXResourcesBuildPhase section */
		489FD7742453F5E400E04771 /* Resources */ = {
			isa = PBXResourcesBuildPhase;
			buildActionMask = 2147483647;
			files = (
				C3F5D8AF24571C1B00A66695 /* GoogleService-Info.plist in Resources */,
				489FD7B62453FD0700E04771 /* Login.storyboard in Resources */,
				489FD7862453F5E600E04771 /* LaunchScreen.storyboard in Resources */,
				1B9C1EE824552F2E00F03A3A /* Register.storyboard in Resources */,
				C3F5D8A72456F19800A66695 /* FeeTableViewCell.xib in Resources */,
				C30BB2272456E7FF006CB37E /* FeeTableHeaderView.xib in Resources */,
				489FD7832453F5E600E04771 /* Assets.xcassets in Resources */,
				1B7C3FE4245464EE002941BA /* Home.storyboard in Resources */,
				1B5D3E162455505E00C288B1 /* AdsBannerCollectionViewCell.xib in Resources */,
				489FD7812453F5E400E04771 /* Main.storyboard in Resources */,
				C3F5D8A92456FBB200A66695 /* FeeTableFooterView.xib in Resources */,
				1B8CCFC62457B71B006917D2 /* PickerBlurView.xib in Resources */,
				1BD06B3D245492D50024088F /* FeeList.storyboard in Resources */,
				C35FF56A2455CA6800AAC9C8 /* CustomFeatureView.xib in Resources */,
			);
			runOnlyForDeploymentPostprocessing = 0;
		};
		489FD78A2453F5E600E04771 /* Resources */ = {
			isa = PBXResourcesBuildPhase;
			buildActionMask = 2147483647;
			files = (
			);
			runOnlyForDeploymentPostprocessing = 0;
		};
		489FD7952453F5E600E04771 /* Resources */ = {
			isa = PBXResourcesBuildPhase;
			buildActionMask = 2147483647;
			files = (
			);
			runOnlyForDeploymentPostprocessing = 0;
		};
/* End PBXResourcesBuildPhase section */

/* Begin PBXShellScriptBuildPhase section */
		0E514F2028B20290DEE0A3E3 /* [CP] Embed Pods Frameworks */ = {
			isa = PBXShellScriptBuildPhase;
			buildActionMask = 2147483647;
			files = (
			);
			inputFileListPaths = (
				"${PODS_ROOT}/Target Support Files/Pods-CS-Living/Pods-CS-Living-frameworks-${CONFIGURATION}-input-files.xcfilelist",
			);
			name = "[CP] Embed Pods Frameworks";
			outputFileListPaths = (
				"${PODS_ROOT}/Target Support Files/Pods-CS-Living/Pods-CS-Living-frameworks-${CONFIGURATION}-output-files.xcfilelist",
			);
			runOnlyForDeploymentPostprocessing = 0;
			shellPath = /bin/sh;
			shellScript = "\"${PODS_ROOT}/Target Support Files/Pods-CS-Living/Pods-CS-Living-frameworks.sh\"\n";
			showEnvVarsInLog = 0;
		};
		5A74544C5D5110C2C8DF0B99 /* [CP] Embed Pods Frameworks */ = {
			isa = PBXShellScriptBuildPhase;
			buildActionMask = 2147483647;
			files = (
			);
			inputFileListPaths = (
				"${PODS_ROOT}/Target Support Files/Pods-CS-Living-CS-LivingUITests/Pods-CS-Living-CS-LivingUITests-frameworks-${CONFIGURATION}-input-files.xcfilelist",
			);
			name = "[CP] Embed Pods Frameworks";
			outputFileListPaths = (
				"${PODS_ROOT}/Target Support Files/Pods-CS-Living-CS-LivingUITests/Pods-CS-Living-CS-LivingUITests-frameworks-${CONFIGURATION}-output-files.xcfilelist",
			);
			runOnlyForDeploymentPostprocessing = 0;
			shellPath = /bin/sh;
			shellScript = "\"${PODS_ROOT}/Target Support Files/Pods-CS-Living-CS-LivingUITests/Pods-CS-Living-CS-LivingUITests-frameworks.sh\"\n";
			showEnvVarsInLog = 0;
		};
		8FCC5DDB40DBD8A43ACB04A1 /* [CP] Check Pods Manifest.lock */ = {
			isa = PBXShellScriptBuildPhase;
			buildActionMask = 2147483647;
			files = (
			);
			inputFileListPaths = (
			);
			inputPaths = (
				"${PODS_PODFILE_DIR_PATH}/Podfile.lock",
				"${PODS_ROOT}/Manifest.lock",
			);
			name = "[CP] Check Pods Manifest.lock";
			outputFileListPaths = (
			);
			outputPaths = (
				"$(DERIVED_FILE_DIR)/Pods-CS-Living-CS-LivingUITests-checkManifestLockResult.txt",
			);
			runOnlyForDeploymentPostprocessing = 0;
			shellPath = /bin/sh;
			shellScript = "diff \"${PODS_PODFILE_DIR_PATH}/Podfile.lock\" \"${PODS_ROOT}/Manifest.lock\" > /dev/null\nif [ $? != 0 ] ; then\n    # print error to STDERR\n    echo \"error: The sandbox is not in sync with the Podfile.lock. Run 'pod install' or update your CocoaPods installation.\" >&2\n    exit 1\nfi\n# This output is used by Xcode 'outputs' to avoid re-running this script phase.\necho \"SUCCESS\" > \"${SCRIPT_OUTPUT_FILE_0}\"\n";
			showEnvVarsInLog = 0;
		};
		9EC077CC2DB2C1138F057C07 /* [CP] Check Pods Manifest.lock */ = {
			isa = PBXShellScriptBuildPhase;
			buildActionMask = 2147483647;
			files = (
			);
			inputFileListPaths = (
			);
			inputPaths = (
				"${PODS_PODFILE_DIR_PATH}/Podfile.lock",
				"${PODS_ROOT}/Manifest.lock",
			);
			name = "[CP] Check Pods Manifest.lock";
			outputFileListPaths = (
			);
			outputPaths = (
				"$(DERIVED_FILE_DIR)/Pods-CS-LivingTests-checkManifestLockResult.txt",
			);
			runOnlyForDeploymentPostprocessing = 0;
			shellPath = /bin/sh;
			shellScript = "diff \"${PODS_PODFILE_DIR_PATH}/Podfile.lock\" \"${PODS_ROOT}/Manifest.lock\" > /dev/null\nif [ $? != 0 ] ; then\n    # print error to STDERR\n    echo \"error: The sandbox is not in sync with the Podfile.lock. Run 'pod install' or update your CocoaPods installation.\" >&2\n    exit 1\nfi\n# This output is used by Xcode 'outputs' to avoid re-running this script phase.\necho \"SUCCESS\" > \"${SCRIPT_OUTPUT_FILE_0}\"\n";
			showEnvVarsInLog = 0;
		};
		D88736749CA2605589762E4D /* [CP] Check Pods Manifest.lock */ = {
			isa = PBXShellScriptBuildPhase;
			buildActionMask = 2147483647;
			files = (
			);
			inputFileListPaths = (
			);
			inputPaths = (
				"${PODS_PODFILE_DIR_PATH}/Podfile.lock",
				"${PODS_ROOT}/Manifest.lock",
			);
			name = "[CP] Check Pods Manifest.lock";
			outputFileListPaths = (
			);
			outputPaths = (
				"$(DERIVED_FILE_DIR)/Pods-CS-Living-checkManifestLockResult.txt",
			);
			runOnlyForDeploymentPostprocessing = 0;
			shellPath = /bin/sh;
			shellScript = "diff \"${PODS_PODFILE_DIR_PATH}/Podfile.lock\" \"${PODS_ROOT}/Manifest.lock\" > /dev/null\nif [ $? != 0 ] ; then\n    # print error to STDERR\n    echo \"error: The sandbox is not in sync with the Podfile.lock. Run 'pod install' or update your CocoaPods installation.\" >&2\n    exit 1\nfi\n# This output is used by Xcode 'outputs' to avoid re-running this script phase.\necho \"SUCCESS\" > \"${SCRIPT_OUTPUT_FILE_0}\"\n";
			showEnvVarsInLog = 0;
		};
/* End PBXShellScriptBuildPhase section */

/* Begin PBXSourcesBuildPhase section */
		489FD7722453F5E400E04771 /* Sources */ = {
			isa = PBXSourcesBuildPhase;
			buildActionMask = 2147483647;
			files = (
				1B9C1EEA24552F4800F03A3A /* RegisterViewController.swift in Sources */,
				C3705E4C2456B6BF00EED37B /* FeeListViewController.swift in Sources */,
				48B70DCD2454204E00E894D5 /* UIView.swift in Sources */,
				1B8CCFC82457BDEA006917D2 /* LicenseModel.swift in Sources */,
				48B70DC624541FC100E894D5 /* DefineKey.swift in Sources */,
				C35FF5662455A4F200AAC9C8 /* HomePresenter.swift in Sources */,
				485C207B2454898B002E5040 /* UIViewController.swift in Sources */,
				C3F5D8A62456F19800A66695 /* FeeTableViewCell.swift in Sources */,
				48B70DBE24541D0100E894D5 /* ResponseObject.swift in Sources */,
				489FD7BA2453FD3F00E04771 /* LoginViewController.swift in Sources */,
				48B70DD124542AD000E894D5 /* APIClient+Register.swift in Sources */,
				489FD77E2453F5E400E04771 /* ViewController.swift in Sources */,
				48B70DCF245421B100E894D5 /* UIImage+Color.swift in Sources */,
				485C2075245488F3002E5040 /* BaseNavigationController.swift in Sources */,
				489FD77A2453F5E400E04771 /* AppDelegate.swift in Sources */,
				48B70DD82454369B00E894D5 /* UserModel.swift in Sources */,
				48B70DC424541FB700E894D5 /* DefineText.swift in Sources */,
				1BD06B3824548ED90024088F /* UpgradeAccountViewController.swift in Sources */,
				489FD7BC2453FD5D00E04771 /* LoginPresenter.swift in Sources */,
				C3F5D8B224571FBD00A66695 /* UserDB.swift in Sources */,
				1B8CCFC42457B69E006917D2 /* PickerBlurView.swift in Sources */,
				484141F82458A2F0008AB972 /* User.swift in Sources */,
				48B70DC224541FA200E894D5 /* DefineMarco.swift in Sources */,
				C3F5D8AB2456FCD200A66695 /* FeeTableFooterView.swift in Sources */,
				C30BB2252456E7F3006CB37E /* FeeTableHeaderView.swift in Sources */,
				48B70DBC24541C1900E894D5 /* APIClient.swift in Sources */,
				1B5D3E152455505E00C288B1 /* AdsBannerCollectionViewCell.swift in Sources */,
				1B5D3E18245579AB00C288B1 /* RegisterModel.swift in Sources */,
				48B70DD42454329200E894D5 /* BaseViewController.swift in Sources */,
				48B70DDC24545F4700E894D5 /* NetworkResponse.swift in Sources */,
				484141F32458A2CB008AB972 /* DataManager.swift in Sources */,
				1B9C1EE624552C4800F03A3A /* RegisterPresenter.swift in Sources */,
				48B70DDA2454375D00E894D5 /* APIClient+Login.swift in Sources */,
				C35FF56C2455CC8A00AAC9C8 /* CustomFeatureView.swift in Sources */,
				48B70DC024541E0800E894D5 /* AppUtil.swift in Sources */,
				485C207E245489C6002E5040 /* Router.swift in Sources */,
				C3F5D8AD245719E400A66695 /* FirebaseDBManager.swift in Sources */,
				484141F62458A2D7008AB972 /* User.xcdatamodeld in Sources */,
				485C20772454891F002E5040 /* BaseTabbarController.swift in Sources */,
				48B70DC824541FCA00E894D5 /* DefineEnum.swift in Sources */,
				1B7C3FE2245464E1002941BA /* HomeViewController.swift in Sources */,
			);
			runOnlyForDeploymentPostprocessing = 0;
		};
		489FD7882453F5E600E04771 /* Sources */ = {
			isa = PBXSourcesBuildPhase;
			buildActionMask = 2147483647;
			files = (
				489FD7912453F5E600E04771 /* CS_LivingTests.swift in Sources */,
			);
			runOnlyForDeploymentPostprocessing = 0;
		};
		489FD7932453F5E600E04771 /* Sources */ = {
			isa = PBXSourcesBuildPhase;
			buildActionMask = 2147483647;
			files = (
				489FD79C2453F5E600E04771 /* CS_LivingUITests.swift in Sources */,
			);
			runOnlyForDeploymentPostprocessing = 0;
		};
/* End PBXSourcesBuildPhase section */

/* Begin PBXTargetDependency section */
		489FD78E2453F5E600E04771 /* PBXTargetDependency */ = {
			isa = PBXTargetDependency;
			target = 489FD7752453F5E400E04771 /* CS-Living */;
			targetProxy = 489FD78D2453F5E600E04771 /* PBXContainerItemProxy */;
		};
		489FD7992453F5E600E04771 /* PBXTargetDependency */ = {
			isa = PBXTargetDependency;
			target = 489FD7752453F5E400E04771 /* CS-Living */;
			targetProxy = 489FD7982453F5E600E04771 /* PBXContainerItemProxy */;
		};
/* End PBXTargetDependency section */

/* Begin PBXVariantGroup section */
		489FD77F2453F5E400E04771 /* Main.storyboard */ = {
			isa = PBXVariantGroup;
			children = (
				489FD7802453F5E400E04771 /* Base */,
			);
			name = Main.storyboard;
			sourceTree = "<group>";
		};
		489FD7842453F5E600E04771 /* LaunchScreen.storyboard */ = {
			isa = PBXVariantGroup;
			children = (
				489FD7852453F5E600E04771 /* Base */,
			);
			name = LaunchScreen.storyboard;
			sourceTree = "<group>";
		};
/* End PBXVariantGroup section */

/* Begin XCBuildConfiguration section */
		489FD79E2453F5E600E04771 /* Debug */ = {
			isa = XCBuildConfiguration;
			buildSettings = {
				ALWAYS_SEARCH_USER_PATHS = NO;
				CLANG_ANALYZER_NONNULL = YES;
				CLANG_ANALYZER_NUMBER_OBJECT_CONVERSION = YES_AGGRESSIVE;
				CLANG_CXX_LANGUAGE_STANDARD = "gnu++14";
				CLANG_CXX_LIBRARY = "libc++";
				CLANG_ENABLE_MODULES = YES;
				CLANG_ENABLE_OBJC_ARC = YES;
				CLANG_ENABLE_OBJC_WEAK = YES;
				CLANG_WARN_BLOCK_CAPTURE_AUTORELEASING = YES;
				CLANG_WARN_BOOL_CONVERSION = YES;
				CLANG_WARN_COMMA = YES;
				CLANG_WARN_CONSTANT_CONVERSION = YES;
				CLANG_WARN_DEPRECATED_OBJC_IMPLEMENTATIONS = YES;
				CLANG_WARN_DIRECT_OBJC_ISA_USAGE = YES_ERROR;
				CLANG_WARN_DOCUMENTATION_COMMENTS = YES;
				CLANG_WARN_EMPTY_BODY = YES;
				CLANG_WARN_ENUM_CONVERSION = YES;
				CLANG_WARN_INFINITE_RECURSION = YES;
				CLANG_WARN_INT_CONVERSION = YES;
				CLANG_WARN_NON_LITERAL_NULL_CONVERSION = YES;
				CLANG_WARN_OBJC_IMPLICIT_RETAIN_SELF = YES;
				CLANG_WARN_OBJC_LITERAL_CONVERSION = YES;
				CLANG_WARN_OBJC_ROOT_CLASS = YES_ERROR;
				CLANG_WARN_RANGE_LOOP_ANALYSIS = YES;
				CLANG_WARN_STRICT_PROTOTYPES = YES;
				CLANG_WARN_SUSPICIOUS_MOVE = YES;
				CLANG_WARN_UNGUARDED_AVAILABILITY = YES_AGGRESSIVE;
				CLANG_WARN_UNREACHABLE_CODE = YES;
				CLANG_WARN__DUPLICATE_METHOD_MATCH = YES;
				COPY_PHASE_STRIP = NO;
				DEBUG_INFORMATION_FORMAT = dwarf;
				ENABLE_STRICT_OBJC_MSGSEND = YES;
				ENABLE_TESTABILITY = YES;
				GCC_C_LANGUAGE_STANDARD = gnu11;
				GCC_DYNAMIC_NO_PIC = NO;
				GCC_NO_COMMON_BLOCKS = YES;
				GCC_OPTIMIZATION_LEVEL = 0;
				GCC_PREPROCESSOR_DEFINITIONS = (
					"DEBUG=1",
					"$(inherited)",
				);
				GCC_WARN_64_TO_32_BIT_CONVERSION = YES;
				GCC_WARN_ABOUT_RETURN_TYPE = YES_ERROR;
				GCC_WARN_UNDECLARED_SELECTOR = YES;
				GCC_WARN_UNINITIALIZED_AUTOS = YES_AGGRESSIVE;
				GCC_WARN_UNUSED_FUNCTION = YES;
				GCC_WARN_UNUSED_VARIABLE = YES;
				IPHONEOS_DEPLOYMENT_TARGET = 13.1;
				MTL_ENABLE_DEBUG_INFO = INCLUDE_SOURCE;
				MTL_FAST_MATH = YES;
				ONLY_ACTIVE_ARCH = YES;
				SDKROOT = iphoneos;
				SWIFT_ACTIVE_COMPILATION_CONDITIONS = DEBUG;
				SWIFT_OPTIMIZATION_LEVEL = "-Onone";
			};
			name = Debug;
		};
		489FD79F2453F5E600E04771 /* Release */ = {
			isa = XCBuildConfiguration;
			buildSettings = {
				ALWAYS_SEARCH_USER_PATHS = NO;
				CLANG_ANALYZER_NONNULL = YES;
				CLANG_ANALYZER_NUMBER_OBJECT_CONVERSION = YES_AGGRESSIVE;
				CLANG_CXX_LANGUAGE_STANDARD = "gnu++14";
				CLANG_CXX_LIBRARY = "libc++";
				CLANG_ENABLE_MODULES = YES;
				CLANG_ENABLE_OBJC_ARC = YES;
				CLANG_ENABLE_OBJC_WEAK = YES;
				CLANG_WARN_BLOCK_CAPTURE_AUTORELEASING = YES;
				CLANG_WARN_BOOL_CONVERSION = YES;
				CLANG_WARN_COMMA = YES;
				CLANG_WARN_CONSTANT_CONVERSION = YES;
				CLANG_WARN_DEPRECATED_OBJC_IMPLEMENTATIONS = YES;
				CLANG_WARN_DIRECT_OBJC_ISA_USAGE = YES_ERROR;
				CLANG_WARN_DOCUMENTATION_COMMENTS = YES;
				CLANG_WARN_EMPTY_BODY = YES;
				CLANG_WARN_ENUM_CONVERSION = YES;
				CLANG_WARN_INFINITE_RECURSION = YES;
				CLANG_WARN_INT_CONVERSION = YES;
				CLANG_WARN_NON_LITERAL_NULL_CONVERSION = YES;
				CLANG_WARN_OBJC_IMPLICIT_RETAIN_SELF = YES;
				CLANG_WARN_OBJC_LITERAL_CONVERSION = YES;
				CLANG_WARN_OBJC_ROOT_CLASS = YES_ERROR;
				CLANG_WARN_RANGE_LOOP_ANALYSIS = YES;
				CLANG_WARN_STRICT_PROTOTYPES = YES;
				CLANG_WARN_SUSPICIOUS_MOVE = YES;
				CLANG_WARN_UNGUARDED_AVAILABILITY = YES_AGGRESSIVE;
				CLANG_WARN_UNREACHABLE_CODE = YES;
				CLANG_WARN__DUPLICATE_METHOD_MATCH = YES;
				COPY_PHASE_STRIP = NO;
				DEBUG_INFORMATION_FORMAT = "dwarf-with-dsym";
				ENABLE_NS_ASSERTIONS = NO;
				ENABLE_STRICT_OBJC_MSGSEND = YES;
				GCC_C_LANGUAGE_STANDARD = gnu11;
				GCC_NO_COMMON_BLOCKS = YES;
				GCC_WARN_64_TO_32_BIT_CONVERSION = YES;
				GCC_WARN_ABOUT_RETURN_TYPE = YES_ERROR;
				GCC_WARN_UNDECLARED_SELECTOR = YES;
				GCC_WARN_UNINITIALIZED_AUTOS = YES_AGGRESSIVE;
				GCC_WARN_UNUSED_FUNCTION = YES;
				GCC_WARN_UNUSED_VARIABLE = YES;
				IPHONEOS_DEPLOYMENT_TARGET = 13.1;
				MTL_ENABLE_DEBUG_INFO = NO;
				MTL_FAST_MATH = YES;
				SDKROOT = iphoneos;
				SWIFT_COMPILATION_MODE = wholemodule;
				SWIFT_OPTIMIZATION_LEVEL = "-O";
				VALIDATE_PRODUCT = YES;
			};
			name = Release;
		};
		489FD7A12453F5E600E04771 /* Debug */ = {
			isa = XCBuildConfiguration;
			baseConfigurationReference = 7055593A792205437A7F0295 /* Pods-CS-Living.debug.xcconfig */;
			buildSettings = {
				ASSETCATALOG_COMPILER_APPICON_NAME = AppIcon;
				CODE_SIGN_IDENTITY = "Apple Development";
				CODE_SIGN_STYLE = Automatic;
				DEVELOPMENT_TEAM = 25ZS53YZR8;
				INFOPLIST_FILE = Sources/Info.plist;
				IPHONEOS_DEPLOYMENT_TARGET = 10.0;
				LD_RUNPATH_SEARCH_PATHS = (
					"$(inherited)",
					"@executable_path/Frameworks",
				);
				PRODUCT_BUNDLE_IDENTIFIER = com.cs.living;
				PRODUCT_NAME = "$(TARGET_NAME)";
				PROVISIONING_PROFILE_SPECIFIER = "";
				SWIFT_VERSION = 5.0;
				TARGETED_DEVICE_FAMILY = "1,2";
			};
			name = Debug;
		};
		489FD7A22453F5E600E04771 /* Release */ = {
			isa = XCBuildConfiguration;
			baseConfigurationReference = 59B3FC6BDD48F1EBCB140A11 /* Pods-CS-Living.release.xcconfig */;
			buildSettings = {
				ASSETCATALOG_COMPILER_APPICON_NAME = AppIcon;
				CODE_SIGN_IDENTITY = "Apple Development";
				CODE_SIGN_STYLE = Automatic;
				DEVELOPMENT_TEAM = 25ZS53YZR8;
				INFOPLIST_FILE = Sources/Info.plist;
				IPHONEOS_DEPLOYMENT_TARGET = 10.0;
				LD_RUNPATH_SEARCH_PATHS = (
					"$(inherited)",
					"@executable_path/Frameworks",
				);
				PRODUCT_BUNDLE_IDENTIFIER = com.cs.living;
				PRODUCT_NAME = "$(TARGET_NAME)";
				PROVISIONING_PROFILE_SPECIFIER = "";
				SWIFT_VERSION = 5.0;
				TARGETED_DEVICE_FAMILY = "1,2";
			};
			name = Release;
		};
		489FD7A42453F5E600E04771 /* Debug */ = {
			isa = XCBuildConfiguration;
			baseConfigurationReference = AACFEA1243093F33BC829386 /* Pods-CS-LivingTests.debug.xcconfig */;
			buildSettings = {
				ALWAYS_EMBED_SWIFT_STANDARD_LIBRARIES = YES;
				BUNDLE_LOADER = "$(TEST_HOST)";
				CODE_SIGN_STYLE = Automatic;
				INFOPLIST_FILE = "CS-LivingTests/Info.plist";
				IPHONEOS_DEPLOYMENT_TARGET = 13.1;
				LD_RUNPATH_SEARCH_PATHS = (
					"$(inherited)",
					"@executable_path/Frameworks",
					"@loader_path/Frameworks",
				);
				PRODUCT_BUNDLE_IDENTIFIER = "com.cs.living.CS-LivingTests";
				PRODUCT_NAME = "$(TARGET_NAME)";
				SWIFT_VERSION = 5.0;
				TARGETED_DEVICE_FAMILY = "1,2";
				TEST_HOST = "$(BUILT_PRODUCTS_DIR)/CS-Living.app/CS-Living";
			};
			name = Debug;
		};
		489FD7A52453F5E600E04771 /* Release */ = {
			isa = XCBuildConfiguration;
			baseConfigurationReference = 9416EEC78FE21D9BA5687294 /* Pods-CS-LivingTests.release.xcconfig */;
			buildSettings = {
				ALWAYS_EMBED_SWIFT_STANDARD_LIBRARIES = YES;
				BUNDLE_LOADER = "$(TEST_HOST)";
				CODE_SIGN_STYLE = Automatic;
				INFOPLIST_FILE = "CS-LivingTests/Info.plist";
				IPHONEOS_DEPLOYMENT_TARGET = 13.1;
				LD_RUNPATH_SEARCH_PATHS = (
					"$(inherited)",
					"@executable_path/Frameworks",
					"@loader_path/Frameworks",
				);
				PRODUCT_BUNDLE_IDENTIFIER = "com.cs.living.CS-LivingTests";
				PRODUCT_NAME = "$(TARGET_NAME)";
				SWIFT_VERSION = 5.0;
				TARGETED_DEVICE_FAMILY = "1,2";
				TEST_HOST = "$(BUILT_PRODUCTS_DIR)/CS-Living.app/CS-Living";
			};
			name = Release;
		};
		489FD7A72453F5E600E04771 /* Debug */ = {
			isa = XCBuildConfiguration;
			baseConfigurationReference = 1EA3390C88326F7FAF5D08A1 /* Pods-CS-Living-CS-LivingUITests.debug.xcconfig */;
			buildSettings = {
				ALWAYS_EMBED_SWIFT_STANDARD_LIBRARIES = YES;
				CODE_SIGN_STYLE = Automatic;
				INFOPLIST_FILE = "CS-LivingUITests/Info.plist";
				LD_RUNPATH_SEARCH_PATHS = (
					"$(inherited)",
					"@executable_path/Frameworks",
					"@loader_path/Frameworks",
				);
				PRODUCT_BUNDLE_IDENTIFIER = "com.cs.living.CS-LivingUITests";
				PRODUCT_NAME = "$(TARGET_NAME)";
				SWIFT_VERSION = 5.0;
				TARGETED_DEVICE_FAMILY = "1,2";
				TEST_TARGET_NAME = "CS-Living";
			};
			name = Debug;
		};
		489FD7A82453F5E600E04771 /* Release */ = {
			isa = XCBuildConfiguration;
			baseConfigurationReference = 816B1FCA0DED3F503EF95F72 /* Pods-CS-Living-CS-LivingUITests.release.xcconfig */;
			buildSettings = {
				ALWAYS_EMBED_SWIFT_STANDARD_LIBRARIES = YES;
				CODE_SIGN_STYLE = Automatic;
				INFOPLIST_FILE = "CS-LivingUITests/Info.plist";
				LD_RUNPATH_SEARCH_PATHS = (
					"$(inherited)",
					"@executable_path/Frameworks",
					"@loader_path/Frameworks",
				);
				PRODUCT_BUNDLE_IDENTIFIER = "com.cs.living.CS-LivingUITests";
				PRODUCT_NAME = "$(TARGET_NAME)";
				SWIFT_VERSION = 5.0;
				TARGETED_DEVICE_FAMILY = "1,2";
				TEST_TARGET_NAME = "CS-Living";
			};
			name = Release;
		};
/* End XCBuildConfiguration section */

/* Begin XCConfigurationList section */
		489FD7712453F5E400E04771 /* Build configuration list for PBXProject "CS-Living" */ = {
			isa = XCConfigurationList;
			buildConfigurations = (
				489FD79E2453F5E600E04771 /* Debug */,
				489FD79F2453F5E600E04771 /* Release */,
			);
			defaultConfigurationIsVisible = 0;
			defaultConfigurationName = Release;
		};
		489FD7A02453F5E600E04771 /* Build configuration list for PBXNativeTarget "CS-Living" */ = {
			isa = XCConfigurationList;
			buildConfigurations = (
				489FD7A12453F5E600E04771 /* Debug */,
				489FD7A22453F5E600E04771 /* Release */,
			);
			defaultConfigurationIsVisible = 0;
			defaultConfigurationName = Release;
		};
		489FD7A32453F5E600E04771 /* Build configuration list for PBXNativeTarget "CS-LivingTests" */ = {
			isa = XCConfigurationList;
			buildConfigurations = (
				489FD7A42453F5E600E04771 /* Debug */,
				489FD7A52453F5E600E04771 /* Release */,
			);
			defaultConfigurationIsVisible = 0;
			defaultConfigurationName = Release;
		};
		489FD7A62453F5E600E04771 /* Build configuration list for PBXNativeTarget "CS-LivingUITests" */ = {
			isa = XCConfigurationList;
			buildConfigurations = (
				489FD7A72453F5E600E04771 /* Debug */,
				489FD7A82453F5E600E04771 /* Release */,
			);
			defaultConfigurationIsVisible = 0;
			defaultConfigurationName = Release;
		};
/* End XCConfigurationList section */

/* Begin XCVersionGroup section */
		484141F42458A2D6008AB972 /* User.xcdatamodeld */ = {
			isa = XCVersionGroup;
			children = (
				484141F52458A2D6008AB972 /* SwiftModel.xcdatamodel */,
			);
			currentVersion = 484141F52458A2D6008AB972 /* SwiftModel.xcdatamodel */;
			name = User.xcdatamodeld;
			path = "../../../../../TTT/pos-ipad/App/Models/LocalData/User.xcdatamodeld";
			sourceTree = "<group>";
			versionGroupType = wrapper.xcdatamodel;
		};
/* End XCVersionGroup section */
	};
	rootObject = 489FD76E2453F5E400E04771 /* Project object */;
}
